version: 0.163.0
dependencies:
- name: jupyterhub
  repository: https://jupyterhub.github.io/helm-chart
  version: 3.1.0
- name: ska-ser-skuid
  repository: https://artefact.skao.int/repository/helm-internal
  version: 3.3.3
- name: ska-tango-base
  repository: https://artefact.skao.int/repository/helm-internal
  version: 0.4.10
- name: ska-tango-tangogql
  repository: https://artefact.skao.int/repository/helm-internal
  version: 1.3.12
- name: ska-tango-taranta
  repository: https://artefact.skao.int/repository/helm-internal
  version: 2.5.1
- name: ska-tango-taranta-auth
  repository: https://artefact.skao.int/repository/helm-internal
  version: 0.1.9
- name: ska-tango-taranta-dashboard
  repository: https://artefact.skao.int/repository/helm-internal
  version: 1.4.1
- name: ska-tango-taranta-dashboard-pvc
  repository: https://artefact.skao.int/repository/helm-internal
  version: 1.4.1
digest: sha256:32513af9e57ab9d7f5dce2ba3d50b021e659ab0d15faea497fe74bf436c7c6b6
generated: "2024-06-11T11:12:44.51645914+01:00"
