version: 0.171.0
dependencies:
- name: jupyterhub
  repository: https://jupyterhub.github.io/helm-chart
  version: 3.1.0
- name: ska-ser-skuid
  repository: https://artefact.skao.int/repository/helm-internal
  version: 3.3.3
- name: ska-tango-base
  repository: https://artefact.skao.int/repository/helm-internal
  version: 0.4.24
- name: ska-tango-tangogql
  repository: https://artefact.skao.int/repository/helm-internal
  version: 1.3.12
- name: ska-tango-taranta
  repository: https://artefact.skao.int/repository/helm-internal
  version: 2.5.1
- name: ska-tango-taranta-auth
  repository: https://artefact.skao.int/repository/helm-internal
  version: 0.1.9
- name: ska-tango-taranta-dashboard
  repository: https://artefact.skao.int/repository/helm-internal
  version: 1.4.1
- name: ska-tango-taranta-dashboard-pvc
  repository: https://artefact.skao.int/repository/helm-internal
  version: 1.4.1
digest: sha256:3246d647886e59a550165835b6576d4db52ebe32097e5d7604d3943c99532ba9
generated: "2026-07-13T23:54:09.989452909+01:00"
